
Microsoft Visual Studio Solution File, Format Version 12.00
# Visual Studio Version 17
VisualStudioVersion = 17.8.34316.72
MinimumVisualStudioVersion = 10.0.40219.1
Project("{2150E333-8FDC-42A3-9474-1A3956D46DE8}") = "Solution Items", "Solution Items", "{F400202F-9B96-435E-8919-E7CB297EB820}"
	ProjectSection(SolutionItems) = preProject
		compose.yaml = compose.yaml
	EndProjectSection
EndProject
Project("{9A19103F-16F7-4668-BE54-9A1E7A4F7556}") = "OpenWeather.Domain", "OpenWeather.Domain\OpenWeather.Domain.csproj", "{D2749D7E-75CE-4ED3-96B1-BADBDA786218}"
EndProject
Project("{9A19103F-16F7-4668-BE54-9A1E7A4F7556}") = "OpenWeather.Adapters.Postgres", "OpenWeather.Adapters.Postgres\OpenWeather.Adapters.Postgres.csproj", "{2EE9498A-A61A-4C34-AD1B-810177DD7246}"
EndProject
Project("{2150E333-8FDC-42A3-9474-1A3956D46DE8}") = "OpenWeather.Adapters", "OpenWeather.Adapters", "{423427BC-9181-4059-97D1-2EED37360F99}"
EndProject
Project("{9A19103F-16F7-4668-BE54-9A1E7A4F7556}") = "OpenWeather.Azure.Function.LoadOpenMeteoData", "OpenWeather.Azure.Function.LoadOpenMeteoData\OpenWeather.Azure.Function.LoadOpenMeteoData.csproj", "{0917473E-1C79-4D1F-B99F-5B920E974567}"
EndProject
Project("{2150E333-8FDC-42A3-9474-1A3956D46DE8}") = "OpenWeather.Azure", "OpenWeather.Azure", "{443CC3F6-A5F8-4CA5-B0C7-6A1D36ADC7F9}"
EndProject
Project("{9A19103F-16F7-4668-BE54-9A1E7A4F7556}") = "OpenWeather.Adapters.Azure", "OpenWeather.Adapters.Azure\OpenWeather.Adapters.Azure.csproj", "{3CD9D563-4A2E-4B44-B0B0-B620AC668168}"
EndProject
Project("{9A19103F-16F7-4668-BE54-9A1E7A4F7556}") = "OpenWeather.Adapters.REST", "OpenWeather.Adapters.REST\OpenWeather.Adapters.REST.csproj", "{CA318923-DE50-4BDD-8532-C789DFF7B249}"
EndProject
Project("{FAE04EC0-301F-11D3-BF4B-00C04F79EFBC}") = "open-weather.AppHost", "open-weather.AppHost\open-weather.AppHost.csproj", "{7E6AA36E-E65D-42A2-9DA6-8FEE0AEA1B21}"
EndProject
Project("{FAE04EC0-301F-11D3-BF4B-00C04F79EFBC}") = "open-weather.ServiceDefaults", "open-weather.ServiceDefaults\open-weather.ServiceDefaults.csproj", "{729804E8-6EBC-47FD-98B0-F3942AC95D3F}"
EndProject
Global
	GlobalSection(SolutionConfigurationPlatforms) = preSolution
		Debug|Any CPU = Debug|Any CPU
		Release|Any CPU = Release|Any CPU
	EndGlobalSection
	GlobalSection(ProjectConfigurationPlatforms) = postSolution
		{D2749D7E-75CE-4ED3-96B1-BADBDA786218}.Debug|Any CPU.ActiveCfg = Debug|Any CPU
		{D2749D7E-75CE-4ED3-96B1-BADBDA786218}.Debug|Any CPU.Build.0 = Debug|Any CPU
		{D2749D7E-75CE-4ED3-96B1-BADBDA786218}.Release|Any CPU.ActiveCfg = Release|Any CPU
		{D2749D7E-75CE-4ED3-96B1-BADBDA786218}.Release|Any CPU.Build.0 = Release|Any CPU
		{2EE9498A-A61A-4C34-AD1B-810177DD7246}.Debug|Any CPU.ActiveCfg = Debug|Any CPU
		{2EE9498A-A61A-4C34-AD1B-810177DD7246}.Debug|Any CPU.Build.0 = Debug|Any CPU
		{2EE9498A-A61A-4C34-AD1B-810177DD7246}.Release|Any CPU.ActiveCfg = Release|Any CPU
		{2EE9498A-A61A-4C34-AD1B-810177DD7246}.Release|Any CPU.Build.0 = Release|Any CPU
		{0917473E-1C79-4D1F-B99F-5B920E974567}.Debug|Any CPU.ActiveCfg = Debug|Any CPU
		{0917473E-1C79-4D1F-B99F-5B920E974567}.Debug|Any CPU.Build.0 = Debug|Any CPU
		{0917473E-1C79-4D1F-B99F-5B920E974567}.Release|Any CPU.ActiveCfg = Release|Any CPU
		{0917473E-1C79-4D1F-B99F-5B920E974567}.Release|Any CPU.Build.0 = Release|Any CPU
		{3CD9D563-4A2E-4B44-B0B0-B620AC668168}.Debug|Any CPU.ActiveCfg = Debug|Any CPU
		{3CD9D563-4A2E-4B44-B0B0-B620AC668168}.Debug|Any CPU.Build.0 = Debug|Any CPU
		{3CD9D563-4A2E-4B44-B0B0-B620AC668168}.Release|Any CPU.ActiveCfg = Release|Any CPU
		{3CD9D563-4A2E-4B44-B0B0-B620AC668168}.Release|Any CPU.Build.0 = Release|Any CPU
		{CA318923-DE50-4BDD-8532-C789DFF7B249}.Debug|Any CPU.ActiveCfg = Debug|Any CPU
		{CA318923-DE50-4BDD-8532-C789DFF7B249}.Debug|Any CPU.Build.0 = Debug|Any CPU
		{CA318923-DE50-4BDD-8532-C789DFF7B249}.Release|Any CPU.ActiveCfg = Release|Any CPU
		{CA318923-DE50-4BDD-8532-C789DFF7B249}.Release|Any CPU.Build.0 = Release|Any CPU
		{7E6AA36E-E65D-42A2-9DA6-8FEE0AEA1B21}.Debug|Any CPU.ActiveCfg = Debug|Any CPU
		{7E6AA36E-E65D-42A2-9DA6-8FEE0AEA1B21}.Debug|Any CPU.Build.0 = Debug|Any CPU
		{7E6AA36E-E65D-42A2-9DA6-8FEE0AEA1B21}.Release|Any CPU.ActiveCfg = Release|Any CPU
		{7E6AA36E-E65D-42A2-9DA6-8FEE0AEA1B21}.Release|Any CPU.Build.0 = Release|Any CPU
		{729804E8-6EBC-47FD-98B0-F3942AC95D3F}.Debug|Any CPU.ActiveCfg = Debug|Any CPU
		{729804E8-6EBC-47FD-98B0-F3942AC95D3F}.Debug|Any CPU.Build.0 = Debug|Any CPU
		{729804E8-6EBC-47FD-98B0-F3942AC95D3F}.Release|Any CPU.ActiveCfg = Release|Any CPU
		{729804E8-6EBC-47FD-98B0-F3942AC95D3F}.Release|Any CPU.Build.0 = Release|Any CPU
	EndGlobalSection
	GlobalSection(SolutionProperties) = preSolution
		HideSolutionNode = FALSE
	EndGlobalSection
	GlobalSection(NestedProjects) = preSolution
		{2EE9498A-A61A-4C34-AD1B-810177DD7246} = {423427BC-9181-4059-97D1-2EED37360F99}
		{0917473E-1C79-4D1F-B99F-5B920E974567} = {443CC3F6-A5F8-4CA5-B0C7-6A1D36ADC7F9}
		{3CD9D563-4A2E-4B44-B0B0-B620AC668168} = {423427BC-9181-4059-97D1-2EED37360F99}
		{CA318923-DE50-4BDD-8532-C789DFF7B249} = {423427BC-9181-4059-97D1-2EED37360F99}
	EndGlobalSection
EndGlobal
